
Microsoft Visual Studio Solution File, Format Version 12.00
# Visual Studio Version 17
VisualStudioVersion = 17.12.35514.174
MinimumVisualStudioVersion = 10.0.40219.1
Project("{FAE04EC0-301F-11D3-BF4B-00C04F79EFBC}") = "AvaliacaoTestes.Testes", "AvaliacaoTestes.Testes\AvaliacaoTestes.Testes.csproj", "{5F5A69ED-A9C9-4AAA-BA05-838BBFE14361}"
EndProject
Project("{FAE04EC0-301F-11D3-BF4B-00C04F79EFBC}") = "AvaliacaoTestes", "AvaliacaoTestes\AvaliacaoTestes.csproj", "{1017F7E7-A34D-4B92-B3E0-5AFA0034837F}"
EndProject
Global
	GlobalSection(SolutionConfigurationPlatforms) = preSolution
		Debug|Any CPU = Debug|Any CPU
		Release|Any CPU = Release|Any CPU
	EndGlobalSection
	GlobalSection(ProjectConfigurationPlatforms) = postSolution
		{5F5A69ED-A9C9-4AAA-BA05-838BBFE14361}.Debug|Any CPU.ActiveCfg = Debug|Any CPU
		{5F5A69ED-A9C9-4AAA-BA05-838BBFE14361}.Debug|Any CPU.Build.0 = Debug|Any CPU
		{5F5A69ED-A9C9-4AAA-BA05-838BBFE14361}.Release|Any CPU.ActiveCfg = Release|Any CPU
		{5F5A69ED-A9C9-4AAA-BA05-838BBFE14361}.Release|Any CPU.Build.0 = Release|Any CPU
		{1017F7E7-A34D-4B92-B3E0-5AFA0034837F}.Debug|Any CPU.ActiveCfg = Debug|Any CPU
		{1017F7E7-A34D-4B92-B3E0-5AFA0034837F}.Debug|Any CPU.Build.0 = Debug|Any CPU
		{1017F7E7-A34D-4B92-B3E0-5AFA0034837F}.Release|Any CPU.ActiveCfg = Release|Any CPU
		{1017F7E7-A34D-4B92-B3E0-5AFA0034837F}.Release|Any CPU.Build.0 = Release|Any CPU
	EndGlobalSection
	GlobalSection(SolutionProperties) = preSolution
		HideSolutionNode = FALSE
	EndGlobalSection
EndGlobal
